# This file was autogenerated by Stack.
# You should not edit this file by hand.
# For more information, please see the documentation at:
#   https://docs.haskellstack.org/en/stable/lock_files

packages:
- completed:
    commit: 91d906b6593f2ba74748fff9a7d34eadf1980ceb
    git: https://github.com/ethereum/hevm.git
    name: hevm
    pantry-tree:
      sha256: a5fefdd3b81724d751d77a98c1303b545e128444b81a6b90fea29d0f2b94b160
      size: 5802
    version: 0.52.0
  original:
    commit: 91d906b6593f2ba74748fff9a7d34eadf1980ceb
    git: https://github.com/ethereum/hevm.git
- completed:
    hackage: restless-git-0.7@sha256:346a5775a586f07ecb291036a8d3016c3484ccdc188b574bcdec0a82c12db293,968
    pantry-tree:
      sha256: 26b37a66c08215e18a914600aae8a61a6ba4611243a0b31ea27437d6c83701cb
      size: 269
  original:
    hackage: restless-git-0.7@sha256:346a5775a586f07ecb291036a8d3016c3484ccdc188b574bcdec0a82c12db293,968
- completed:
    hackage: s-cargot-0.1.4.0@sha256:61ea1833fbb4c80d93577144870e449d2007d311c34d74252850bb48aa8c31fb,3525
    pantry-tree:
      sha256: 280c1899ea1a905f01785e175ff029748e9913388d25e02a8e4cdceb9a92b722
      size: 1467
  original:
    hackage: s-cargot-0.1.4.0@sha256:61ea1833fbb4c80d93577144870e449d2007d311c34d74252850bb48aa8c31fb,3525
- completed:
    hackage: semver-range-0.2.8@sha256:44918080c220cf67b6e7c8ad16f01f3cfe1ac69d4f72e528e84d566348bb23c3,1941
    pantry-tree:
      sha256: fd72964da8246cc09d477b4c6e6f20971de058917d08d9f8183f5c0e2116f9c6
      size: 401
  original:
    hackage: semver-range-0.2.8@sha256:44918080c220cf67b6e7c8ad16f01f3cfe1ac69d4f72e528e84d566348bb23c3,1941
- completed:
    hackage: HSH-2.1.3@sha256:71ded11b224f5066373ce985ec63b10c87129850b33916736dd64fa2bea9ea0a,1705
    pantry-tree:
      sha256: 95f49f9dad6e4976d1b53c59fd4405a978ca8baecc721d508a030615241d69be
      size: 473
  original:
    hackage: HSH-2.1.3@sha256:71ded11b224f5066373ce985ec63b10c87129850b33916736dd64fa2bea9ea0a,1705
- completed:
    hackage: spool-0.1@sha256:77780cbfc2c0be23ff2ea9e474062f3df97fcd9db946ee0b3508280a923b83e2,1461
    pantry-tree:
      sha256: 48eada528a8eda2fcf0d3517a239c59a699acff96111f427833ba2b04bd6111f
      size: 322
  original:
    hackage: spool-0.1@sha256:77780cbfc2c0be23ff2ea9e474062f3df97fcd9db946ee0b3508280a923b83e2,1461
- completed:
    hackage: smt2-parser-0.1.0.1@sha256:1e1a4565915ed851c13d1e6b8bb5185cf5d454da3b43170825d53e221f753d77,1421
    pantry-tree:
      sha256: c048b3037a35ab6ca5b33d865d7a0b0f56a0ccc942dd57cbbab6af380770ee13
      size: 447
  original:
    hackage: smt2-parser-0.1.0.1@sha256:1e1a4565915ed851c13d1e6b8bb5185cf5d454da3b43170825d53e221f753d77,1421
- completed:
    hackage: spawn-0.3@sha256:b91e01d8f2b076841410ae284b32046f91471943dc799c1af77d666c72101f02,1162
    pantry-tree:
      sha256: 3fa87961ef3166c0093ebae68dea83cf2d7b9e131a2db28687b696f077c6f81a
      size: 262
  original:
    hackage: spawn-0.3@sha256:b91e01d8f2b076841410ae284b32046f91471943dc799c1af77d666c72101f02,1162
snapshots:
- completed:
    sha256: 85d2382958c178491d3fe50d770a624621f5ab456beef7d31ac7521f780c9bc7
    size: 640042
    url: https://raw.githubusercontent.com/commercialhaskell/stackage-snapshots/master/lts/21/17.yaml
  original: lts-21.17
